{
  "projects": [
    {
      "projectId": "hjKYmYi6HMwK6TRyk7ew5R",
      "version": "6.7.0",
      "dependencies": {},
      "lang": "ts",
      "fileLocks": [
        {
          "assetId": "hjKYmYi6HMwK6TRyk7ew5R",
          "type": "projectCss",
          "checksum": "27f856fe96a1d0d61349c7a9cd98017d"
        },
        {
          "assetId": "hjKYmYi6HMwK6TRyk7ew5R",
          "checksum": "a852c9e350a845f23f056078ffda3e4b",
          "type": "globalContexts"
        }
      ],
      "codegenVersion": "0.0.1"
    },
    {
      "projectId": "58GpZjZCWTaJ8AUhpCwt2K",
      "version": "3.5.0",
      "dependencies": {},
      "lang": "ts",
      "fileLocks": [
        {
          "assetId": "58GpZjZCWTaJ8AUhpCwt2K",
          "type": "projectCss",
          "checksum": "fa06b258d7db4e20632cf23cd5d7ea1d"
        }
      ],
      "codegenVersion": "0.0.1"
    },
    {
      "projectId": "28Ba3BDvRe7EiWdfFNnLB6",
      "version": "2.9.0",
      "dependencies": {},
      "lang": "ts",
      "fileLocks": [
        {
          "assetId": "28Ba3BDvRe7EiWdfFNnLB6",
          "type": "projectCss",
          "checksum": "3abe7e254b180d30c5103c965126fe6d"
        }
      ],
      "codegenVersion": "0.0.1"
    },
    {
      "projectId": "r3ASNrnyvLLLAtDvzUioQ",
      "version": "3.5.0",
      "dependencies": {},
      "lang": "ts",
      "fileLocks": [
        {
          "assetId": "r3ASNrnyvLLLAtDvzUioQ",
          "type": "projectCss",
          "checksum": "7d2d1348211a9769c061fdafff71da20"
        }
      ],
      "codegenVersion": "0.0.1"
    },
    {
      "projectId": "7nJ7UcFmq9UzB6eXfC5z4a",
      "version": "0.5.0",
      "dependencies": {},
      "lang": "ts",
      "fileLocks": [
        {
          "assetId": "7nJ7UcFmq9UzB6eXfC5z4a",
          "type": "projectCss",
          "checksum": "49cdb8dabe1533c0269c4325bec06fb5"
        }
      ],
      "codegenVersion": "0.0.1"
    },
    {
      "projectId": "caTPwKxj5ZrD9LQ7DMdK4Z",
      "version": "3.6.0",
      "dependencies": {},
      "lang": "ts",
      "fileLocks": [
        {
          "assetId": "caTPwKxj5ZrD9LQ7DMdK4Z",
          "type": "projectCss",
          "checksum": "78d187154c489b3fbce540b770cc4a4b"
        }
      ],
      "codegenVersion": "0.0.1"
    },
    {
      "projectId": "jodssu5PmGaRR5vFRfdqKh",
      "version": "latest",
      "dependencies": {
        "caTPwKxj5ZrD9LQ7DMdK4Z": "3.6.0",
        "7nJ7UcFmq9UzB6eXfC5z4a": "0.5.0",
        "r3ASNrnyvLLLAtDvzUioQ": "3.5.0",
        "28Ba3BDvRe7EiWdfFNnLB6": "2.9.0",
        "58GpZjZCWTaJ8AUhpCwt2K": "3.5.0",
        "hjKYmYi6HMwK6TRyk7ew5R": "6.7.0"
      },
      "lang": "ts",
      "fileLocks": [
        {
          "type": "globalVariant",
          "assetId": "0UF6pR80tuUP8",
          "checksum": "1f4e84a17ba4f98a108c614b30e1576d"
        },
        {
          "assetId": "jodssu5PmGaRR5vFRfdqKh",
          "type": "projectCss",
          "checksum": "5db699a50209efbde9dc6f6d9ce6269c"
        },
        {
          "assetId": "jodssu5PmGaRR5vFRfdqKh",
          "checksum": "f354708dbb8b61003ce8e31269f046b8",
          "type": "globalContexts"
        },
        {
          "type": "renderModule",
          "assetId": "AgkD8Q9m9b9Ff",
          "checksum": "39b57ba26db89ebc4e5324fbfa10180f"
        },
        {
          "type": "cssRules",
          "assetId": "AgkD8Q9m9b9Ff",
          "checksum": "39b57ba26db89ebc4e5324fbfa10180f"
        },
        {
          "type": "renderModule",
          "assetId": "3MBHwfPUnY",
          "checksum": "60ea24172415838bb86373b8baab2722"
        },
        {
          "type": "cssRules",
          "assetId": "3MBHwfPUnY",
          "checksum": "60ea24172415838bb86373b8baab2722"
        },
        {
          "type": "renderModule",
          "assetId": "9QfDpVXFq99",
          "checksum": "3a0a3229b74b30066e50137beb89a181"
        },
        {
          "type": "cssRules",
          "assetId": "9QfDpVXFq99",
          "checksum": "3a0a3229b74b30066e50137beb89a181"
        },
        {
          "type": "renderModule",
          "assetId": "jGsW_a0TMYi",
          "checksum": "11b8501a7192adefd80c036b3e7155d2"
        },
        {
          "type": "cssRules",
          "assetId": "jGsW_a0TMYi",
          "checksum": "11b8501a7192adefd80c036b3e7155d2"
        },
        {
          "type": "renderModule",
          "assetId": "-8_5fZlfPp",
          "checksum": "a8e5721d3cf71c7cca3d370f51b49593"
        },
        {
          "type": "cssRules",
          "assetId": "-8_5fZlfPp",
          "checksum": "a8e5721d3cf71c7cca3d370f51b49593"
        },
        {
          "type": "renderModule",
          "assetId": "L1sIfYbmTgu",
          "checksum": "59692dcbd8adb9ba2c4ca66f8a3c8618"
        },
        {
          "type": "cssRules",
          "assetId": "L1sIfYbmTgu",
          "checksum": "59692dcbd8adb9ba2c4ca66f8a3c8618"
        },
        {
          "type": "renderModule",
          "assetId": "nF2ySVLpMIh",
          "checksum": "da040d7a4ae0bb44dbd32ef2eb938d9e"
        },
        {
          "type": "cssRules",
          "assetId": "nF2ySVLpMIh",
          "checksum": "da040d7a4ae0bb44dbd32ef2eb938d9e"
        },
        {
          "type": "renderModule",
          "assetId": "A5YKWg0MH2",
          "checksum": "7d6cce3917fe9af6b7f70ce31cbf499f"
        },
        {
          "type": "cssRules",
          "assetId": "A5YKWg0MH2",
          "checksum": "7d6cce3917fe9af6b7f70ce31cbf499f"
        },
        {
          "type": "renderModule",
          "assetId": "A6pZz1HLj4",
          "checksum": "6f79be387b3106723d2dcc8a25de0202"
        },
        {
          "type": "cssRules",
          "assetId": "A6pZz1HLj4",
          "checksum": "6f79be387b3106723d2dcc8a25de0202"
        },
        {
          "type": "renderModule",
          "assetId": "-lNsbp_1Q5",
          "checksum": "532b1329f0a4b2fb72c1cf37504f00ec"
        },
        {
          "type": "cssRules",
          "assetId": "-lNsbp_1Q5",
          "checksum": "532b1329f0a4b2fb72c1cf37504f00ec"
        },
        {
          "type": "renderModule",
          "assetId": "BRx7IQ-wHG8",
          "checksum": "32b68175bd89e9bccef421cce9b0c78a"
        },
        {
          "type": "cssRules",
          "assetId": "BRx7IQ-wHG8",
          "checksum": "32b68175bd89e9bccef421cce9b0c78a"
        },
        {
          "type": "renderModule",
          "assetId": "cqzLl1ryde",
          "checksum": "fa32b66cebaf7e6e4a7840ba2d15933d"
        },
        {
          "type": "cssRules",
          "assetId": "cqzLl1ryde",
          "checksum": "fa32b66cebaf7e6e4a7840ba2d15933d"
        },
        {
          "type": "renderModule",
          "assetId": "oAWDpYdN0s",
          "checksum": "4071e5a85eced3bf8c8415deb526c842"
        },
        {
          "type": "cssRules",
          "assetId": "oAWDpYdN0s",
          "checksum": "4071e5a85eced3bf8c8415deb526c842"
        },
        {
          "type": "renderModule",
          "assetId": "bpfnPRy8ZfZ",
          "checksum": "9d9fa1ee740f4d78be2eeeee6af765db"
        },
        {
          "type": "cssRules",
          "assetId": "bpfnPRy8ZfZ",
          "checksum": "9d9fa1ee740f4d78be2eeeee6af765db"
        },
        {
          "type": "icon",
          "assetId": "A4jG8WrNiS0Xj",
          "checksum": "020d9980861eaaf3b40b7abc1c6654b3"
        },
        {
          "type": "icon",
          "assetId": "-NiEGSx3jWOPI",
          "checksum": "0ba07b915b56043702d142f698dbe4b8"
        },
        {
          "type": "icon",
          "assetId": "MPYqPwVjqCm",
          "checksum": "1a76578844c28d0bb6e89944539d1d53"
        },
        {
          "type": "icon",
          "assetId": "iemRUT8B78Y",
          "checksum": "fee39f027dabf2134bf85c6e6b1f855c"
        },
        {
          "type": "icon",
          "assetId": "tfqLjeUE7Y3",
          "checksum": "b78ae0af9295cc41dd5e239b4b1e72a7"
        },
        {
          "type": "icon",
          "assetId": "6Vrd0S0dtKQ",
          "checksum": "781537adfa5625da121007156051a23d"
        },
        {
          "type": "icon",
          "assetId": "epgOKp3gZW",
          "checksum": "2b96fe0097c13a6e9281aed06fde47fd"
        },
        {
          "type": "image",
          "assetId": "rONo4fgEaZ9uO",
          "checksum": "6c88d7a8923c8a151bd8ef53bf999946"
        },
        {
          "type": "image",
          "assetId": "VYaqF3vTOn",
          "checksum": "dda792ccf2e9c6681fd68971d262cc22"
        },
        {
          "type": "image",
          "assetId": "NBqqyaVueY",
          "checksum": "ab75847fa61a921d020fccf2a2e7ee5a"
        },
        {
          "type": "image",
          "assetId": "jKc_5Kei8w",
          "checksum": "7a65f734024a291e5ef703247e2005ec"
        },
        {
          "type": "image",
          "assetId": "xaVRwdhvKTi",
          "checksum": "2734fe4039e0b6a6b41be3048d59f921"
        },
        {
          "type": "image",
          "assetId": "JZM0SNVUVF",
          "checksum": "7aa35b9d0eff66e3002dcc8ca7b93891"
        },
        {
          "type": "image",
          "assetId": "UsovswTIt",
          "checksum": "fce4ff099c13c958de5dd0f36be45b10"
        },
        {
          "type": "image",
          "assetId": "ulCPTfhzh",
          "checksum": "d1e76f6f6f164e8b16674a48bffa92e4"
        },
        {
          "type": "image",
          "assetId": "BBclIrL9a",
          "checksum": "e372eafdcc4355d4c58cea981b0c3efa"
        },
        {
          "type": "image",
          "assetId": "3KfY4xrFN",
          "checksum": "d531a95839e1c68063dc5969d06a645f"
        },
        {
          "type": "image",
          "assetId": "956PLsC6Z",
          "checksum": "f57e9b0bc6e40e9a67b23aa5254db7cb"
        },
        {
          "type": "image",
          "assetId": "_ZtheGOgM",
          "checksum": "b97121d3d1d41a9d425fa0161b663b7c"
        }
      ],
      "codegenVersion": "0.0.1"
    }
  ],
  "cliVersion": "0.1.186"
}
