{
  "projects": [
    {
      "projectId": "hjKYmYi6HMwK6TRyk7ew5R",
      "version": "6.8.0",
      "dependencies": {},
      "lang": "ts",
      "fileLocks": [
        {
          "assetId": "hjKYmYi6HMwK6TRyk7ew5R",
          "checksum": "a852c9e350a845f23f056078ffda3e4b",
          "type": "globalContexts"
        },
        {
          "assetId": "hjKYmYi6HMwK6TRyk7ew5R",
          "type": "projectCss",
          "checksum": "419c1fae9873dc9eb3a8ee5d43721687"
        }
      ],
      "codegenVersion": "0.0.1"
    },
    {
      "projectId": "58GpZjZCWTaJ8AUhpCwt2K",
      "version": "3.6.0",
      "dependencies": {},
      "lang": "ts",
      "fileLocks": [
        {
          "assetId": "58GpZjZCWTaJ8AUhpCwt2K",
          "type": "projectCss",
          "checksum": "d6fba95685214e0383bfcc5454d0469b"
        }
      ],
      "codegenVersion": "0.0.1"
    },
    {
      "projectId": "28Ba3BDvRe7EiWdfFNnLB6",
      "version": "2.10.0",
      "dependencies": {},
      "lang": "ts",
      "fileLocks": [
        {
          "assetId": "28Ba3BDvRe7EiWdfFNnLB6",
          "type": "projectCss",
          "checksum": "87db3f38ab09de17055a82a444e32ce3"
        }
      ],
      "codegenVersion": "0.0.1"
    },
    {
      "projectId": "r3ASNrnyvLLLAtDvzUioQ",
      "version": "3.6.0",
      "dependencies": {},
      "lang": "ts",
      "fileLocks": [
        {
          "assetId": "r3ASNrnyvLLLAtDvzUioQ",
          "type": "projectCss",
          "checksum": "668b3f8867e6f1f1be365092621a0289"
        }
      ],
      "codegenVersion": "0.0.1"
    },
    {
      "projectId": "7nJ7UcFmq9UzB6eXfC5z4a",
      "version": "0.6.0",
      "dependencies": {},
      "lang": "ts",
      "fileLocks": [
        {
          "assetId": "7nJ7UcFmq9UzB6eXfC5z4a",
          "type": "projectCss",
          "checksum": "27ff92c469db18011be32216514596d3"
        }
      ],
      "codegenVersion": "0.0.1"
    },
    {
      "projectId": "caTPwKxj5ZrD9LQ7DMdK4Z",
      "version": "3.7.0",
      "dependencies": {},
      "lang": "ts",
      "fileLocks": [
        {
          "assetId": "caTPwKxj5ZrD9LQ7DMdK4Z",
          "type": "projectCss",
          "checksum": "aa63a5b554dbb8686bd002694c97ce15"
        }
      ],
      "codegenVersion": "0.0.1"
    },
    {
      "projectId": "jodssu5PmGaRR5vFRfdqKh",
      "version": "latest",
      "dependencies": {
        "caTPwKxj5ZrD9LQ7DMdK4Z": "3.7.0",
        "7nJ7UcFmq9UzB6eXfC5z4a": "0.6.0",
        "r3ASNrnyvLLLAtDvzUioQ": "3.6.0",
        "28Ba3BDvRe7EiWdfFNnLB6": "2.10.0",
        "58GpZjZCWTaJ8AUhpCwt2K": "3.6.0",
        "hjKYmYi6HMwK6TRyk7ew5R": "6.8.0"
      },
      "lang": "ts",
      "fileLocks": [
        {
          "type": "globalVariant",
          "assetId": "0UF6pR80tuUP8",
          "checksum": "1f4e84a17ba4f98a108c614b30e1576d"
        },
        {
          "assetId": "jodssu5PmGaRR5vFRfdqKh",
          "checksum": "f354708dbb8b61003ce8e31269f046b8",
          "type": "globalContexts"
        },
        {
          "type": "renderModule",
          "assetId": "AgkD8Q9m9b9Ff",
          "checksum": "d6066629cce1020cc5b9f01b39bac6d3"
        },
        {
          "type": "cssRules",
          "assetId": "AgkD8Q9m9b9Ff",
          "checksum": "d6066629cce1020cc5b9f01b39bac6d3"
        },
        {
          "type": "renderModule",
          "assetId": "3MBHwfPUnY",
          "checksum": "fb9d8704866cb2f517e48e9db0f40859"
        },
        {
          "type": "cssRules",
          "assetId": "3MBHwfPUnY",
          "checksum": "fb9d8704866cb2f517e48e9db0f40859"
        },
        {
          "type": "renderModule",
          "assetId": "9QfDpVXFq99",
          "checksum": "bc7eff7de941b24fc6626139cf36c0d4"
        },
        {
          "type": "cssRules",
          "assetId": "9QfDpVXFq99",
          "checksum": "bc7eff7de941b24fc6626139cf36c0d4"
        },
        {
          "type": "renderModule",
          "assetId": "jGsW_a0TMYi",
          "checksum": "c7d59768b13f9792e1bc8d161efd734f"
        },
        {
          "type": "cssRules",
          "assetId": "jGsW_a0TMYi",
          "checksum": "c7d59768b13f9792e1bc8d161efd734f"
        },
        {
          "type": "renderModule",
          "assetId": "-8_5fZlfPp",
          "checksum": "2be023c470638bc1f890d24411c5e228"
        },
        {
          "type": "cssRules",
          "assetId": "-8_5fZlfPp",
          "checksum": "2be023c470638bc1f890d24411c5e228"
        },
        {
          "type": "renderModule",
          "assetId": "L1sIfYbmTgu",
          "checksum": "b034f9a217156c4efbed9d53f19ee968"
        },
        {
          "type": "cssRules",
          "assetId": "L1sIfYbmTgu",
          "checksum": "b034f9a217156c4efbed9d53f19ee968"
        },
        {
          "type": "renderModule",
          "assetId": "nF2ySVLpMIh",
          "checksum": "6b4a098adafafca3553066d28d6b5077"
        },
        {
          "type": "cssRules",
          "assetId": "nF2ySVLpMIh",
          "checksum": "6b4a098adafafca3553066d28d6b5077"
        },
        {
          "type": "renderModule",
          "assetId": "A5YKWg0MH2",
          "checksum": "5484c5d15d036f49476ff96572fb9877"
        },
        {
          "type": "cssRules",
          "assetId": "A5YKWg0MH2",
          "checksum": "5484c5d15d036f49476ff96572fb9877"
        },
        {
          "type": "renderModule",
          "assetId": "A6pZz1HLj4",
          "checksum": "cf3d0c9e4da755862988012bf5bee553"
        },
        {
          "type": "cssRules",
          "assetId": "A6pZz1HLj4",
          "checksum": "cf3d0c9e4da755862988012bf5bee553"
        },
        {
          "type": "renderModule",
          "assetId": "-lNsbp_1Q5",
          "checksum": "cd5fdb735a4b5db7dbe0867d771219fc"
        },
        {
          "type": "cssRules",
          "assetId": "-lNsbp_1Q5",
          "checksum": "cd5fdb735a4b5db7dbe0867d771219fc"
        },
        {
          "type": "renderModule",
          "assetId": "BRx7IQ-wHG8",
          "checksum": "2e15d016d861fe34c0851538461eeca0"
        },
        {
          "type": "cssRules",
          "assetId": "BRx7IQ-wHG8",
          "checksum": "2e15d016d861fe34c0851538461eeca0"
        },
        {
          "type": "renderModule",
          "assetId": "cqzLl1ryde",
          "checksum": "5f728b11964fc5443c85462cd4628525"
        },
        {
          "type": "cssRules",
          "assetId": "cqzLl1ryde",
          "checksum": "5f728b11964fc5443c85462cd4628525"
        },
        {
          "type": "renderModule",
          "assetId": "oAWDpYdN0s",
          "checksum": "57d029aaab7d8deb3040e657e95a4fdb"
        },
        {
          "type": "cssRules",
          "assetId": "oAWDpYdN0s",
          "checksum": "57d029aaab7d8deb3040e657e95a4fdb"
        },
        {
          "type": "renderModule",
          "assetId": "bpfnPRy8ZfZ",
          "checksum": "7855acf89cea693b9f1c5a9a57c78716"
        },
        {
          "type": "cssRules",
          "assetId": "bpfnPRy8ZfZ",
          "checksum": "7855acf89cea693b9f1c5a9a57c78716"
        },
        {
          "type": "icon",
          "assetId": "A4jG8WrNiS0Xj",
          "checksum": "020d9980861eaaf3b40b7abc1c6654b3"
        },
        {
          "type": "icon",
          "assetId": "-NiEGSx3jWOPI",
          "checksum": "0ba07b915b56043702d142f698dbe4b8"
        },
        {
          "type": "icon",
          "assetId": "MPYqPwVjqCm",
          "checksum": "1a76578844c28d0bb6e89944539d1d53"
        },
        {
          "type": "icon",
          "assetId": "iemRUT8B78Y",
          "checksum": "fee39f027dabf2134bf85c6e6b1f855c"
        },
        {
          "type": "icon",
          "assetId": "tfqLjeUE7Y3",
          "checksum": "b78ae0af9295cc41dd5e239b4b1e72a7"
        },
        {
          "type": "icon",
          "assetId": "6Vrd0S0dtKQ",
          "checksum": "781537adfa5625da121007156051a23d"
        },
        {
          "type": "icon",
          "assetId": "epgOKp3gZW",
          "checksum": "2b96fe0097c13a6e9281aed06fde47fd"
        },
        {
          "type": "image",
          "assetId": "rONo4fgEaZ9uO",
          "checksum": "6c88d7a8923c8a151bd8ef53bf999946"
        },
        {
          "type": "image",
          "assetId": "VYaqF3vTOn",
          "checksum": "dda792ccf2e9c6681fd68971d262cc22"
        },
        {
          "type": "image",
          "assetId": "NBqqyaVueY",
          "checksum": "ab75847fa61a921d020fccf2a2e7ee5a"
        },
        {
          "type": "image",
          "assetId": "jKc_5Kei8w",
          "checksum": "7a65f734024a291e5ef703247e2005ec"
        },
        {
          "type": "image",
          "assetId": "xaVRwdhvKTi",
          "checksum": "2734fe4039e0b6a6b41be3048d59f921"
        },
        {
          "type": "image",
          "assetId": "JZM0SNVUVF",
          "checksum": "7aa35b9d0eff66e3002dcc8ca7b93891"
        },
        {
          "type": "image",
          "assetId": "UsovswTIt",
          "checksum": "fce4ff099c13c958de5dd0f36be45b10"
        },
        {
          "type": "image",
          "assetId": "ulCPTfhzh",
          "checksum": "d1e76f6f6f164e8b16674a48bffa92e4"
        },
        {
          "type": "image",
          "assetId": "BBclIrL9a",
          "checksum": "e372eafdcc4355d4c58cea981b0c3efa"
        },
        {
          "type": "image",
          "assetId": "3KfY4xrFN",
          "checksum": "d531a95839e1c68063dc5969d06a645f"
        },
        {
          "type": "image",
          "assetId": "956PLsC6Z",
          "checksum": "f57e9b0bc6e40e9a67b23aa5254db7cb"
        },
        {
          "type": "image",
          "assetId": "_ZtheGOgM",
          "checksum": "b97121d3d1d41a9d425fa0161b663b7c"
        },
        {
          "assetId": "jodssu5PmGaRR5vFRfdqKh",
          "type": "projectCss",
          "checksum": "20d60f2fb017acb4ad980e5e950c940a"
        }
      ],
      "codegenVersion": "0.0.1"
    }
  ],
  "cliVersion": "0.1.186"
}
