{
  "projects": [
    {
      "projectId": "hjKYmYi6HMwK6TRyk7ew5R",
      "version": "6.8.0",
      "dependencies": {},
      "lang": "ts",
      "fileLocks": [
        {
          "assetId": "hjKYmYi6HMwK6TRyk7ew5R",
          "checksum": "a852c9e350a845f23f056078ffda3e4b",
          "type": "globalContexts"
        },
        {
          "assetId": "hjKYmYi6HMwK6TRyk7ew5R",
          "type": "projectCss",
          "checksum": "419c1fae9873dc9eb3a8ee5d43721687"
        }
      ],
      "codegenVersion": "0.0.1"
    },
    {
      "projectId": "58GpZjZCWTaJ8AUhpCwt2K",
      "version": "3.6.0",
      "dependencies": {},
      "lang": "ts",
      "fileLocks": [
        {
          "assetId": "58GpZjZCWTaJ8AUhpCwt2K",
          "type": "projectCss",
          "checksum": "d6fba95685214e0383bfcc5454d0469b"
        }
      ],
      "codegenVersion": "0.0.1"
    },
    {
      "projectId": "28Ba3BDvRe7EiWdfFNnLB6",
      "version": "2.10.0",
      "dependencies": {},
      "lang": "ts",
      "fileLocks": [
        {
          "assetId": "28Ba3BDvRe7EiWdfFNnLB6",
          "type": "projectCss",
          "checksum": "87db3f38ab09de17055a82a444e32ce3"
        }
      ],
      "codegenVersion": "0.0.1"
    },
    {
      "projectId": "r3ASNrnyvLLLAtDvzUioQ",
      "version": "3.6.0",
      "dependencies": {},
      "lang": "ts",
      "fileLocks": [
        {
          "assetId": "r3ASNrnyvLLLAtDvzUioQ",
          "type": "projectCss",
          "checksum": "668b3f8867e6f1f1be365092621a0289"
        }
      ],
      "codegenVersion": "0.0.1"
    },
    {
      "projectId": "7nJ7UcFmq9UzB6eXfC5z4a",
      "version": "0.6.0",
      "dependencies": {},
      "lang": "ts",
      "fileLocks": [
        {
          "assetId": "7nJ7UcFmq9UzB6eXfC5z4a",
          "type": "projectCss",
          "checksum": "27ff92c469db18011be32216514596d3"
        }
      ],
      "codegenVersion": "0.0.1"
    },
    {
      "projectId": "caTPwKxj5ZrD9LQ7DMdK4Z",
      "version": "3.7.0",
      "dependencies": {},
      "lang": "ts",
      "fileLocks": [
        {
          "assetId": "caTPwKxj5ZrD9LQ7DMdK4Z",
          "type": "projectCss",
          "checksum": "aa63a5b554dbb8686bd002694c97ce15"
        }
      ],
      "codegenVersion": "0.0.1"
    },
    {
      "projectId": "jodssu5PmGaRR5vFRfdqKh",
      "version": "latest",
      "dependencies": {
        "caTPwKxj5ZrD9LQ7DMdK4Z": "3.7.0",
        "7nJ7UcFmq9UzB6eXfC5z4a": "0.6.0",
        "r3ASNrnyvLLLAtDvzUioQ": "3.6.0",
        "28Ba3BDvRe7EiWdfFNnLB6": "2.10.0",
        "58GpZjZCWTaJ8AUhpCwt2K": "3.6.0",
        "hjKYmYi6HMwK6TRyk7ew5R": "6.8.0",
        "itBdcjth19Wasd6ngAYxWR": "1.6.0"
      },
      "lang": "ts",
      "fileLocks": [
        {
          "type": "globalVariant",
          "assetId": "0UF6pR80tuUP8",
          "checksum": "1f4e84a17ba4f98a108c614b30e1576d"
        },
        {
          "assetId": "jodssu5PmGaRR5vFRfdqKh",
          "checksum": "f354708dbb8b61003ce8e31269f046b8",
          "type": "globalContexts"
        },
        {
          "type": "renderModule",
          "assetId": "AgkD8Q9m9b9Ff",
          "checksum": "3ef0deaab144e302865a77e099dbee08"
        },
        {
          "type": "cssRules",
          "assetId": "AgkD8Q9m9b9Ff",
          "checksum": "3ef0deaab144e302865a77e099dbee08"
        },
        {
          "type": "renderModule",
          "assetId": "3MBHwfPUnY",
          "checksum": "df7965e3a0670911decbc6ed4b75dfa2"
        },
        {
          "type": "cssRules",
          "assetId": "3MBHwfPUnY",
          "checksum": "df7965e3a0670911decbc6ed4b75dfa2"
        },
        {
          "type": "renderModule",
          "assetId": "9QfDpVXFq99",
          "checksum": "bc7eff7de941b24fc6626139cf36c0d4"
        },
        {
          "type": "cssRules",
          "assetId": "9QfDpVXFq99",
          "checksum": "bc7eff7de941b24fc6626139cf36c0d4"
        },
        {
          "type": "renderModule",
          "assetId": "jGsW_a0TMYi",
          "checksum": "c7d59768b13f9792e1bc8d161efd734f"
        },
        {
          "type": "cssRules",
          "assetId": "jGsW_a0TMYi",
          "checksum": "c7d59768b13f9792e1bc8d161efd734f"
        },
        {
          "type": "renderModule",
          "assetId": "-8_5fZlfPp",
          "checksum": "6568dbabc50b4aafac3025cb1117cd03"
        },
        {
          "type": "cssRules",
          "assetId": "-8_5fZlfPp",
          "checksum": "6568dbabc50b4aafac3025cb1117cd03"
        },
        {
          "type": "renderModule",
          "assetId": "L1sIfYbmTgu",
          "checksum": "d8f454f90968a752d0369a95f8c6211b"
        },
        {
          "type": "cssRules",
          "assetId": "L1sIfYbmTgu",
          "checksum": "d8f454f90968a752d0369a95f8c6211b"
        },
        {
          "type": "renderModule",
          "assetId": "nF2ySVLpMIh",
          "checksum": "cd391c7363cd24f0924bc8d322668173"
        },
        {
          "type": "cssRules",
          "assetId": "nF2ySVLpMIh",
          "checksum": "cd391c7363cd24f0924bc8d322668173"
        },
        {
          "type": "renderModule",
          "assetId": "A5YKWg0MH2",
          "checksum": "b033d83c6d55230f6e8281089677fd0f"
        },
        {
          "type": "cssRules",
          "assetId": "A5YKWg0MH2",
          "checksum": "b033d83c6d55230f6e8281089677fd0f"
        },
        {
          "type": "renderModule",
          "assetId": "A6pZz1HLj4",
          "checksum": "d65ed154eff48c066293b486339e41e6"
        },
        {
          "type": "cssRules",
          "assetId": "A6pZz1HLj4",
          "checksum": "d65ed154eff48c066293b486339e41e6"
        },
        {
          "type": "renderModule",
          "assetId": "-lNsbp_1Q5",
          "checksum": "cd5fdb735a4b5db7dbe0867d771219fc"
        },
        {
          "type": "cssRules",
          "assetId": "-lNsbp_1Q5",
          "checksum": "cd5fdb735a4b5db7dbe0867d771219fc"
        },
        {
          "type": "renderModule",
          "assetId": "BRx7IQ-wHG8",
          "checksum": "cf0c5bb1ec405f403b6b344636f2f2b3"
        },
        {
          "type": "cssRules",
          "assetId": "BRx7IQ-wHG8",
          "checksum": "cf0c5bb1ec405f403b6b344636f2f2b3"
        },
        {
          "type": "renderModule",
          "assetId": "cqzLl1ryde",
          "checksum": "d3fe273920351783fb2cdc9f6b7f533c"
        },
        {
          "type": "cssRules",
          "assetId": "cqzLl1ryde",
          "checksum": "d3fe273920351783fb2cdc9f6b7f533c"
        },
        {
          "type": "renderModule",
          "assetId": "oAWDpYdN0s",
          "checksum": "fc005d6d6314c7f28b21518c34895180"
        },
        {
          "type": "cssRules",
          "assetId": "oAWDpYdN0s",
          "checksum": "fc005d6d6314c7f28b21518c34895180"
        },
        {
          "type": "renderModule",
          "assetId": "bpfnPRy8ZfZ",
          "checksum": "a9786af77010f2745037b09ab6bbb386"
        },
        {
          "type": "cssRules",
          "assetId": "bpfnPRy8ZfZ",
          "checksum": "a9786af77010f2745037b09ab6bbb386"
        },
        {
          "type": "icon",
          "assetId": "A4jG8WrNiS0Xj",
          "checksum": "020d9980861eaaf3b40b7abc1c6654b3"
        },
        {
          "type": "icon",
          "assetId": "-NiEGSx3jWOPI",
          "checksum": "0ba07b915b56043702d142f698dbe4b8"
        },
        {
          "type": "icon",
          "assetId": "MPYqPwVjqCm",
          "checksum": "1a76578844c28d0bb6e89944539d1d53"
        },
        {
          "type": "icon",
          "assetId": "iemRUT8B78Y",
          "checksum": "fee39f027dabf2134bf85c6e6b1f855c"
        },
        {
          "type": "icon",
          "assetId": "tfqLjeUE7Y3",
          "checksum": "b78ae0af9295cc41dd5e239b4b1e72a7"
        },
        {
          "type": "icon",
          "assetId": "6Vrd0S0dtKQ",
          "checksum": "781537adfa5625da121007156051a23d"
        },
        {
          "type": "icon",
          "assetId": "epgOKp3gZW",
          "checksum": "2b96fe0097c13a6e9281aed06fde47fd"
        },
        {
          "type": "image",
          "assetId": "rONo4fgEaZ9uO",
          "checksum": "6c88d7a8923c8a151bd8ef53bf999946"
        },
        {
          "type": "image",
          "assetId": "VYaqF3vTOn",
          "checksum": "dda792ccf2e9c6681fd68971d262cc22"
        },
        {
          "type": "image",
          "assetId": "NBqqyaVueY",
          "checksum": "ab75847fa61a921d020fccf2a2e7ee5a"
        },
        {
          "type": "image",
          "assetId": "jKc_5Kei8w",
          "checksum": "7a65f734024a291e5ef703247e2005ec"
        },
        {
          "type": "image",
          "assetId": "xaVRwdhvKTi",
          "checksum": "2734fe4039e0b6a6b41be3048d59f921"
        },
        {
          "type": "image",
          "assetId": "JZM0SNVUVF",
          "checksum": "7aa35b9d0eff66e3002dcc8ca7b93891"
        },
        {
          "type": "image",
          "assetId": "UsovswTIt",
          "checksum": "fce4ff099c13c958de5dd0f36be45b10"
        },
        {
          "type": "image",
          "assetId": "ulCPTfhzh",
          "checksum": "d1e76f6f6f164e8b16674a48bffa92e4"
        },
        {
          "type": "image",
          "assetId": "BBclIrL9a",
          "checksum": "e372eafdcc4355d4c58cea981b0c3efa"
        },
        {
          "type": "image",
          "assetId": "3KfY4xrFN",
          "checksum": "d531a95839e1c68063dc5969d06a645f"
        },
        {
          "type": "image",
          "assetId": "956PLsC6Z",
          "checksum": "f57e9b0bc6e40e9a67b23aa5254db7cb"
        },
        {
          "type": "image",
          "assetId": "_ZtheGOgM",
          "checksum": "b97121d3d1d41a9d425fa0161b663b7c"
        },
        {
          "assetId": "jodssu5PmGaRR5vFRfdqKh",
          "type": "projectCss",
          "checksum": "e2391e27e9b7fe69bef9f06dd1fa21d3"
        },
        {
          "type": "renderModule",
          "assetId": "2PIwDBnX-w9",
          "checksum": "453816835375151026e56bc8e0d64e8b"
        },
        {
          "type": "cssRules",
          "assetId": "2PIwDBnX-w9",
          "checksum": "453816835375151026e56bc8e0d64e8b"
        },
        {
          "type": "renderModule",
          "assetId": "RpwP78mekAf",
          "checksum": "49536689a89d3a9fd5b167dd87dd6209"
        },
        {
          "type": "cssRules",
          "assetId": "RpwP78mekAf",
          "checksum": "49536689a89d3a9fd5b167dd87dd6209"
        },
        {
          "type": "icon",
          "assetId": "s6SBstulsIq",
          "checksum": "35045ab4e940fdc6308e2f6a93a2929d"
        },
        {
          "type": "icon",
          "assetId": "GPSiZPb4Ots",
          "checksum": "8ea850812650e210cd1f7c345c7d1fcb"
        },
        {
          "type": "icon",
          "assetId": "XVD3DQgHwQ_",
          "checksum": "61c5446f7057a793ca0ef98320bb276c"
        },
        {
          "type": "icon",
          "assetId": "GPUNnXp_ix",
          "checksum": "fe47efe4070d1bb3d5d07dfab1eb0d68"
        },
        {
          "type": "icon",
          "assetId": "SJYKfV-y4CD",
          "checksum": "5b216fb4e59781a8931d5d2064662beb"
        },
        {
          "type": "image",
          "assetId": "UQ_GlMSLYai",
          "checksum": "036965a15356b543380cf2113f18bfe9"
        },
        {
          "type": "image",
          "assetId": "Z0AgCy34COw",
          "checksum": "f71a13d8cc72c8901f3f359f900cd922"
        },
        {
          "type": "image",
          "assetId": "c1nYA0Sy5jg",
          "checksum": "1a922ea43f7edbd3a45efc29e1e1df6f"
        },
        {
          "type": "image",
          "assetId": "1jAdyr4UQhB",
          "checksum": "4aa6bf6b064af67d477821ca0cf24376"
        },
        {
          "type": "image",
          "assetId": "L4Q7gkSOK",
          "checksum": "f527d860ab12cd47eed9c85f51bfe294"
        },
        {
          "type": "image",
          "assetId": "sufbc3Som",
          "checksum": "5839f40a855ff747fb45c8d24e3d06ee"
        },
        {
          "type": "image",
          "assetId": "r1nAiSTZT",
          "checksum": "01273bf56d341bfaeed57f9dca068ec3"
        },
        {
          "type": "image",
          "assetId": "MgJEuKmsy",
          "checksum": "fd224054905316cd89dec27e293a6a54"
        },
        {
          "type": "image",
          "assetId": "2FXKEqltE",
          "checksum": "227a39f9ecfff9ad736d00e3ca931817"
        },
        {
          "type": "image",
          "assetId": "X9M8-VI51",
          "checksum": "cd494ef88ba7b404e6f875136ed2058f"
        },
        {
          "type": "image",
          "assetId": "3Wl724nig",
          "checksum": "41fac5b377ac0103438aaa5bbed514a6"
        },
        {
          "type": "image",
          "assetId": "YGv2R-rxb",
          "checksum": "c548be4f927cbe118fe99dd9cb26f5e4"
        },
        {
          "type": "image",
          "assetId": "vlV4Tci-0",
          "checksum": "1a1428df708b7e8eeced56e167ae0cbc"
        },
        {
          "type": "image",
          "assetId": "_z2pctv6d",
          "checksum": "db3e3855c8c7380cf3bb569aac498f13"
        },
        {
          "type": "image",
          "assetId": "jKICV1dj8",
          "checksum": "3fb2fc5c502b894d3983093a9813c71d"
        },
        {
          "type": "image",
          "assetId": "LQX7nMj1b",
          "checksum": "09879e531b5349d5f04d18204e010eaa"
        },
        {
          "type": "image",
          "assetId": "0qomnsXBx",
          "checksum": "24abdadb07e976cf4592dacdbd8bb153"
        },
        {
          "type": "image",
          "assetId": "drtEhE-en",
          "checksum": "37152724745d6e94d6214cc5965c8153"
        },
        {
          "type": "image",
          "assetId": "bQgnChb0v",
          "checksum": "1d775428c833dc6609d5d067314850de"
        }
      ],
      "codegenVersion": "0.0.1"
    },
    {
      "projectId": "itBdcjth19Wasd6ngAYxWR",
      "version": "1.6.0",
      "dependencies": {},
      "lang": "ts",
      "fileLocks": [
        {
          "assetId": "itBdcjth19Wasd6ngAYxWR",
          "type": "projectCss",
          "checksum": "6d2500c83ccfa358c9f354ab974a8829"
        }
      ],
      "codegenVersion": "0.0.1"
    }
  ],
  "cliVersion": "0.1.186"
}
